
Microsoft Visual Studio Solution File, Format Version 12.00
# Visual Studio Version 17
VisualStudioVersion = 17.10.35013.160
MinimumVisualStudioVersion = 10.0.40219.1
Project("{FAE04EC0-301F-11D3-BF4B-00C04F79EFBC}") = "Library", "Library\Library.csproj", "{9325CFDA-962B-4DAD-97D7-7C193EFA8A9D}"
EndProject
Global
	GlobalSection(SolutionConfigurationPlatforms) = preSolution
		Debug|Any CPU = Debug|Any CPU
		Release|Any CPU = Release|Any CPU
	EndGlobalSection
	GlobalSection(ProjectConfigurationPlatforms) = postSolution
		{9325CFDA-962B-4DAD-97D7-7C193EFA8A9D}.Debug|Any CPU.ActiveCfg = Debug|Any CPU
		{9325CFDA-962B-4DAD-97D7-7C193EFA8A9D}.Debug|Any CPU.Build.0 = Debug|Any CPU
		{9325CFDA-962B-4DAD-97D7-7C193EFA8A9D}.Release|Any CPU.ActiveCfg = Release|Any CPU
		{9325CFDA-962B-4DAD-97D7-7C193EFA8A9D}.Release|Any CPU.Build.0 = Release|Any CPU
	EndGlobalSection
	GlobalSection(SolutionProperties) = preSolution
		HideSolutionNode = FALSE
	EndGlobalSection
	GlobalSection(ExtensibilityGlobals) = postSolution
		SolutionGuid = {3BB93990-9419-468C-9980-6A5E96AD90E0}
	EndGlobalSection
EndGlobal
